
Microsoft Visual Studio Solution File, Format Version 12.00
# Visual Studio Version 17
VisualStudioVersion = 17.13.35931.197 d17.13
MinimumVisualStudioVersion = 10.0.40219.1
Project("{FAE04EC0-301F-11D3-BF4B-00C04F79EFBC}") = "Proxy", "Proxy\Proxy.csproj", "{FE82D88F-1D0D-4FF7-B12C-E8331197A89B}"
EndProject
Global
	GlobalSection(SolutionConfigurationPlatforms) = preSolution
		Debug|Any CPU = Debug|Any CPU
		Release|Any CPU = Release|Any CPU
	EndGlobalSection
	GlobalSection(ProjectConfigurationPlatforms) = postSolution
		{FE82D88F-1D0D-4FF7-B12C-E8331197A89B}.Debug|Any CPU.ActiveCfg = Debug|Any CPU
		{FE82D88F-1D0D-4FF7-B12C-E8331197A89B}.Debug|Any CPU.Build.0 = Debug|Any CPU
		{FE82D88F-1D0D-4FF7-B12C-E8331197A89B}.Release|Any CPU.ActiveCfg = Release|Any CPU
		{FE82D88F-1D0D-4FF7-B12C-E8331197A89B}.Release|Any CPU.Build.0 = Release|Any CPU
	EndGlobalSection
	GlobalSection(SolutionProperties) = preSolution
		HideSolutionNode = FALSE
	EndGlobalSection
	GlobalSection(ExtensibilityGlobals) = postSolution
		SolutionGuid = {57A9FCCF-CCA8-40AE-84CE-8E9B3C0F0C85}
	EndGlobalSection
EndGlobal
