Microsoft Visual Studio Solution File, Format Version 12.00
# Visual Studio Version 17
VisualStudioVersion = 17.5.2.0
MinimumVisualStudioVersion = 10.0.40219.1
Project("{2150E333-8FDC-42A3-9474-1A3956D46DE8}") = "API", "API", "{D82C56D6-B2CD-F611-9E31-04638F7EC30E}"
EndProject
Project("{FAE04EC0-301F-11D3-BF4B-00C04F79EFBC}") = "TrainingVideoAPI", "API\TrainingVideoAPI\TrainingVideoAPI.csproj", "{5482FDB7-D4CA-3B0A-EEE4-8C3AE727B026}"
EndProject
Global
	GlobalSection(SolutionConfigurationPlatforms) = preSolution
		Debug|Any CPU = Debug|Any CPU
		Release|Any CPU = Release|Any CPU
	EndGlobalSection
	GlobalSection(ProjectConfigurationPlatforms) = postSolution
		{5482FDB7-D4CA-3B0A-EEE4-8C3AE727B026}.Debug|Any CPU.ActiveCfg = Debug|Any CPU
		{5482FDB7-D4CA-3B0A-EEE4-8C3AE727B026}.Debug|Any CPU.Build.0 = Debug|Any CPU
		{5482FDB7-D4CA-3B0A-EEE4-8C3AE727B026}.Release|Any CPU.ActiveCfg = Release|Any CPU
		{5482FDB7-D4CA-3B0A-EEE4-8C3AE727B026}.Release|Any CPU.Build.0 = Release|Any CPU
	EndGlobalSection
	GlobalSection(SolutionProperties) = preSolution
		HideSolutionNode = FALSE
	EndGlobalSection
	GlobalSection(NestedProjects) = preSolution
		{5482FDB7-D4CA-3B0A-EEE4-8C3AE727B026} = {D82C56D6-B2CD-F611-9E31-04638F7EC30E}
	EndGlobalSection
	GlobalSection(ExtensibilityGlobals) = postSolution
		SolutionGuid = {CE4BF4E4-2F27-48FD-A749-BDD00644022C}
	EndGlobalSection
EndGlobal
