
Microsoft Visual Studio Solution File, Format Version 12.00
# Visual Studio Version 17
VisualStudioVersion = 17.13.35931.197 d17.13
MinimumVisualStudioVersion = 10.0.40219.1
Project("{FAE04EC0-301F-11D3-BF4B-00C04F79EFBC}") = "FactoryDesignPatternApp", "FactoryDesignPatternApp\FactoryDesignPatternApp.csproj", "{3560CD13-582D-4E04-B224-2D71E2DEBC11}"
EndProject
Global
	GlobalSection(SolutionConfigurationPlatforms) = preSolution
		Debug|Any CPU = Debug|Any CPU
		Release|Any CPU = Release|Any CPU
	EndGlobalSection
	GlobalSection(ProjectConfigurationPlatforms) = postSolution
		{3560CD13-582D-4E04-B224-2D71E2DEBC11}.Debug|Any CPU.ActiveCfg = Debug|Any CPU
		{3560CD13-582D-4E04-B224-2D71E2DEBC11}.Debug|Any CPU.Build.0 = Debug|Any CPU
		{3560CD13-582D-4E04-B224-2D71E2DEBC11}.Release|Any CPU.ActiveCfg = Release|Any CPU
		{3560CD13-582D-4E04-B224-2D71E2DEBC11}.Release|Any CPU.Build.0 = Release|Any CPU
	EndGlobalSection
	GlobalSection(SolutionProperties) = preSolution
		HideSolutionNode = FALSE
	EndGlobalSection
	GlobalSection(ExtensibilityGlobals) = postSolution
		SolutionGuid = {FFBC367C-5C41-4E12-92FF-84563AA11DEB}
	EndGlobalSection
EndGlobal
